// !$*UTF8*$!
{
	archiveVersion = 1;
	classes = {
	};
	objectVersion = 50;
	objects = {

/* Begin PBXBuildFile section */
		AC58BCCE22BAA41400E0DAEC /* AppDelegate.swift in Sources */ = {isa = PBXBuildFile; fileRef = AC58BCCD22BAA41400E0DAEC /* AppDelegate.swift */; };
		AC58BCD022BAA41400E0DAEC /* SceneDelegate.swift in Sources */ = {isa = PBXBuildFile; fileRef = AC58BCCF22BAA41400E0DAEC /* SceneDelegate.swift */; };
		AC58BCD222BAA41400E0DAEC /* ViewController.swift in Sources */ = {isa = PBXBuildFile; fileRef = AC58BCD122BAA41400E0DAEC /* ViewController.swift */; };
		AC58BCD522BAA41400E0DAEC /* Main.storyboard in Resources */ = {isa = PBXBuildFile; fileRef = AC58BCD322BAA41400E0DAEC /* Main.storyboard */; };
		AC58BCD722BAA41700E0DAEC /* Assets.xcassets in Resources */ = {isa = PBXBuildFile; fileRef = AC58BCD622BAA41700E0DAEC /* Assets.xcassets */; };
		AC58BCDA22BAA41700E0DAEC /* LaunchScreen.storyboard in Resources */ = {isa = PBXBuildFile; fileRef = AC58BCD822BAA41700E0DAEC /* LaunchScreen.storyboard */; };
/* End PBXBuildFile section */

/* Begin PBXFileReference section */
		AC58BCCA22BAA41400E0DAEC /* UICollectionViewStatic.app */ = {isa = PBXFileReference; explicitFileType = wrapper.application; includeInIndex = 0; path = UICollectionViewStatic.app; sourceTree = BUILT_PRODUCTS_DIR; };
		AC58BCCD22BAA41400E0DAEC /* AppDelegate.swift */ = {isa = PBXFileReference; lastKnownFileType = sourcecode.swift; path = AppDelegate.swift; sourceTree = "<group>"; };
		AC58BCCF22BAA41400E0DAEC /* SceneDelegate.swift */ = {isa = PBXFileReference; lastKnownFileType = sourcecode.swift; path = SceneDelegate.swift; sourceTree = "<group>"; };
		AC58BCD122BAA41400E0DAEC /* ViewController.swift */ = {isa = PBXFileReference; lastKnownFileType = sourcecode.swift; path = ViewController.swift; sourceTree = "<group>"; };
		AC58BCD422BAA41400E0DAEC /* Base */ = {isa = PBXFileReference; lastKnownFileType = file.storyboard; name = Base; path = Base.lproj/Main.storyboard; sourceTree = "<group>"; };
		AC58BCD622BAA41700E0DAEC /* Assets.xcassets */ = {isa = PBXFileReference; lastKnownFileType = folder.assetcatalog; path = Assets.xcassets; sourceTree = "<group>"; };
		AC58BCD922BAA41700E0DAEC /* Base */ = {isa = PBXFileReference; lastKnownFileType = file.storyboard; name = Base; path = Base.lproj/LaunchScreen.storyboard; sourceTree = "<group>"; };
		AC58BCDB22BAA41700E0DAEC /* Info.plist */ = {isa = PBXFileReference; lastKnownFileType = text.plist.xml; path = Info.plist; sourceTree = "<group>"; };
/* End PBXFileReference section */

/* Begin PBXFrameworksBuildPhase section */
		AC58BCC722BAA41400E0DAEC /* Frameworks */ = {
			isa = PBXFrameworksBuildPhase;
			buildActionMask = 2147483647;
			files = (
			);
			runOnlyForDeploymentPostprocessing = 0;
		};
/* End PBXFrameworksBuildPhase section */

/* Begin PBXGroup section */
		AC58BCC122BAA41400E0DAEC = {
			isa = PBXGroup;
			children = (
				AC58BCCC22BAA41400E0DAEC /* UICollectionViewStatic */,
				AC58BCCB22BAA41400E0DAEC /* Products */,
			);
			sourceTree = "<group>";
		};
		AC58BCCB22BAA41400E0DAEC /* Products */ = {
			isa = PBXGroup;
			children = (
				AC58BCCA22BAA41400E0DAEC /* UICollectionViewStatic.app */,
			);
			name = Products;
			sourceTree = "<group>";
		};
		AC58BCCC22BAA41400E0DAEC /* UICollectionViewStatic */ = {
			isa = PBXGroup;
			children = (
				AC58BCCD22BAA41400E0DAEC /* AppDelegate.swift */,
				AC58BCCF22BAA41400E0DAEC /* SceneDelegate.swift */,
				AC58BCD122BAA41400E0DAEC /* ViewController.swift */,
				AC58BCD322BAA41400E0DAEC /* Main.storyboard */,
				AC58BCD622BAA41700E0DAEC /* Assets.xcassets */,
				AC58BCD822BAA41700E0DAEC /* LaunchScreen.storyboard */,
				AC58BCDB22BAA41700E0DAEC /* Info.plist */,
			);
			path = UICollectionViewStatic;
			sourceTree = "<group>";
		};
/* End PBXGroup section */

/* Begin PBXNativeTarget section */
		AC58BCC922BAA41400E0DAEC /* UICollectionViewStatic */ = {
			isa = PBXNativeTarget;
			buildConfigurationList = AC58BCDE22BAA41700E0DAEC /* Build configuration list for PBXNativeTarget "UICollectionViewStatic" */;
			buildPhases = (
				AC58BCC622BAA41400E0DAEC /* Sources */,
				AC58BCC722BAA41400E0DAEC /* Frameworks */,
				AC58BCC822BAA41400E0DAEC /* Resources */,
			);
			buildRules = (
			);
			dependencies = (
			);
			name = UICollectionViewStatic;
			productName = UICollectionViewStatic;
			productReference = AC58BCCA22BAA41400E0DAEC /* UICollectionViewStatic.app */;
			productType = "com.apple.product-type.application";
		};
/* End PBXNativeTarget section */

/* Begin PBXProject section */
		AC58BCC222BAA41400E0DAEC /* Project object */ = {
			isa = PBXProject;
			attributes = {
				LastSwiftUpdateCheck = 1100;
				LastUpgradeCheck = 1100;
				ORGANIZATIONNAME = "Артем";
				TargetAttributes = {
					AC58BCC922BAA41400E0DAEC = {
						CreatedOnToolsVersion = 11.0;
					};
				};
			};
			buildConfigurationList = AC58BCC522BAA41400E0DAEC /* Build configuration list for PBXProject "UICollectionViewStatic" */;
			compatibilityVersion = "Xcode 9.3";
			developmentRegion = en;
			hasScannedForEncodings = 0;
			knownRegions = (
				en,
				Base,
			);
			mainGroup = AC58BCC122BAA41400E0DAEC;
			productRefGroup = AC58BCCB22BAA41400E0DAEC /* Products */;
			projectDirPath = "";
			projectRoot = "";
			targets = (
				AC58BCC922BAA41400E0DAEC /* UICollectionViewStatic */,
			);
		};
/* End PBXProject section */

/* Begin PBXResourcesBuildPhase section */
		AC58BCC822BAA41400E0DAEC /* Resources */ = {
			isa = PBXResourcesBuildPhase;
			buildActionMask = 2147483647;
			files = (
				AC58BCDA22BAA41700E0DAEC /* LaunchScreen.storyboard in Resources */,
				AC58BCD722BAA41700E0DAEC /* Assets.xcassets in Resources */,
				AC58BCD522BAA41400E0DAEC /* Main.storyboard in Resources */,
			);
			runOnlyForDeploymentPostprocessing = 0;
		};
/* End PBXResourcesBuildPhase section */

/* Begin PBXSourcesBuildPhase section */
		AC58BCC622BAA41400E0DAEC /* Sources */ = {
			isa = PBXSourcesBuildPhase;
			buildActionMask = 2147483647;
			files = (
				AC58BCD222BAA41400E0DAEC /* ViewController.swift in Sources */,
				AC58BCCE22BAA41400E0DAEC /* AppDelegate.swift in Sources */,
				AC58BCD022BAA41400E0DAEC /* SceneDelegate.swift in Sources */,
			);
			runOnlyForDeploymentPostprocessing = 0;
		};
/* End PBXSourcesBuildPhase section */

/* Begin PBXVariantGroup section */
		AC58BCD322BAA41400E0DAEC /* Main.storyboard */ = {
			isa = PBXVariantGroup;
			children = (
				AC58BCD422BAA41400E0DAEC /* Base */,
			);
			name = Main.storyboard;
			sourceTree = "<group>";
		};
		AC58BCD822BAA41700E0DAEC /* LaunchScreen.storyboard */ = {
			isa = PBXVariantGroup;
			children = (
				AC58BCD922BAA41700E0DAEC /* Base */,
			);
			name = LaunchScreen.storyboard;
			sourceTree = "<group>";
		};
/* End PBXVariantGroup section */

/* Begin XCBuildConfiguration section */
		AC58BCDC22BAA41700E0DAEC /* Debug */ = {
			isa = XCBuildConfiguration;
			buildSettings = {
				ALWAYS_SEARCH_USER_PATHS = NO;
				CLANG_ANALYZER_NONNULL = YES;
				CLANG_ANALYZER_NUMBER_OBJECT_CONVERSION = YES_AGGRESSIVE;
				CLANG_CXX_LANGUAGE_STANDARD = "gnu++14";
				CLANG_CXX_LIBRARY = "libc++";
				CLANG_ENABLE_MODULES = YES;
				CLANG_ENABLE_OBJC_ARC = YES;
				CLANG_ENABLE_OBJC_WEAK = YES;
				CLANG_WARN_BLOCK_CAPTURE_AUTORELEASING = YES;
				CLANG_WARN_BOOL_CONVERSION = YES;
				CLANG_WARN_COMMA = YES;
				CLANG_WARN_CONSTANT_CONVERSION = YES;
				CLANG_WARN_DEPRECATED_OBJC_IMPLEMENTATIONS = YES;
				CLANG_WARN_DIRECT_OBJC_ISA_USAGE = YES_ERROR;
				CLANG_WARN_DOCUMENTATION_COMMENTS = YES;
				CLANG_WARN_EMPTY_BODY = YES;
				CLANG_WARN_ENUM_CONVERSION = YES;
				CLANG_WARN_INFINITE_RECURSION = YES;
				CLANG_WARN_INT_CONVERSION = YES;
				CLANG_WARN_NON_LITERAL_NULL_CONVERSION = YES;
				CLANG_WARN_OBJC_IMPLICIT_RETAIN_SELF = YES;
				CLANG_WARN_OBJC_LITERAL_CONVERSION = YES;
				CLANG_WARN_OBJC_ROOT_CLASS = YES_ERROR;
				CLANG_WARN_RANGE_LOOP_ANALYSIS = YES;
				CLANG_WARN_STRICT_PROTOTYPES = YES;
				CLANG_WARN_SUSPICIOUS_MOVE = YES;
				CLANG_WARN_UNGUARDED_AVAILABILITY = YES_AGGRESSIVE;
				CLANG_WARN_UNREACHABLE_CODE = YES;
				CLANG_WARN__DUPLICATE_METHOD_MATCH = YES;
				COPY_PHASE_STRIP = NO;
				DEBUG_INFORMATION_FORMAT = dwarf;
				ENABLE_STRICT_OBJC_MSGSEND = YES;
				ENABLE_TESTABILITY = YES;
				GCC_C_LANGUAGE_STANDARD = gnu11;
				GCC_DYNAMIC_NO_PIC = NO;
				GCC_NO_COMMON_BLOCKS = YES;
				GCC_OPTIMIZATION_LEVEL = 0;
				GCC_PREPROCESSOR_DEFINITIONS = (
					"DEBUG=1",
					"$(inherited)",
				);
				GCC_WARN_64_TO_32_BIT_CONVERSION = YES;
				GCC_WARN_ABOUT_RETURN_TYPE = YES_ERROR;
				GCC_WARN_UNDECLARED_SELECTOR = YES;
				GCC_WARN_UNINITIALIZED_AUTOS = YES_AGGRESSIVE;
				GCC_WARN_UNUSED_FUNCTION = YES;
				GCC_WARN_UNUSED_VARIABLE = YES;
				IPHONEOS_DEPLOYMENT_TARGET = 13.0;
				MTL_ENABLE_DEBUG_INFO = INCLUDE_SOURCE;
				MTL_FAST_MATH = YES;
				ONLY_ACTIVE_ARCH = YES;
				SDKROOT = iphoneos;
				SWIFT_ACTIVE_COMPILATION_CONDITIONS = DEBUG;
				SWIFT_OPTIMIZATION_LEVEL = "-Onone";
			};
			name = Debug;
		};
		AC58BCDD22BAA41700E0DAEC /* Release */ = {
			isa = XCBuildConfiguration;
			buildSettings = {
				ALWAYS_SEARCH_USER_PATHS = NO;
				CLANG_ANALYZER_NONNULL = YES;
				CLANG_ANALYZER_NUMBER_OBJECT_CONVERSION = YES_AGGRESSIVE;
				CLANG_CXX_LANGUAGE_STANDARD = "gnu++14";
				CLANG_CXX_LIBRARY = "libc++";
				CLANG_ENABLE_MODULES = YES;
				CLANG_ENABLE_OBJC_ARC = YES;
				CLANG_ENABLE_OBJC_WEAK = YES;
				CLANG_WARN_BLOCK_CAPTURE_AUTORELEASING = YES;
				CLANG_WARN_BOOL_CONVERSION = YES;
				CLANG_WARN_COMMA = YES;
				CLANG_WARN_CONSTANT_CONVERSION = YES;
				CLANG_WARN_DEPRECATED_OBJC_IMPLEMENTATIONS = YES;
				CLANG_WARN_DIRECT_OBJC_ISA_USAGE = YES_ERROR;
				CLANG_WARN_DOCUMENTATION_COMMENTS = YES;
				CLANG_WARN_EMPTY_BODY = YES;
				CLANG_WARN_ENUM_CONVERSION = YES;
				CLANG_WARN_INFINITE_RECURSION = YES;
				CLANG_WARN_INT_CONVERSION = YES;
				CLANG_WARN_NON_LITERAL_NULL_CONVERSION = YES;
				CLANG_WARN_OBJC_IMPLICIT_RETAIN_SELF = YES;
				CLANG_WARN_OBJC_LITERAL_CONVERSION = YES;
				CLANG_WARN_OBJC_ROOT_CLASS = YES_ERROR;
				CLANG_WARN_RANGE_LOOP_ANALYSIS = YES;
				CLANG_WARN_STRICT_PROTOTYPES = YES;
				CLANG_WARN_SUSPICIOUS_MOVE = YES;
				CLANG_WARN_UNGUARDED_AVAILABILITY = YES_AGGRESSIVE;
				CLANG_WARN_UNREACHABLE_CODE = YES;
				CLANG_WARN__DUPLICATE_METHOD_MATCH = YES;
				COPY_PHASE_STRIP = NO;
				DEBUG_INFORMATION_FORMAT = "dwarf-with-dsym";
				ENABLE_NS_ASSERTIONS = NO;
				ENABLE_STRICT_OBJC_MSGSEND = YES;
				GCC_C_LANGUAGE_STANDARD = gnu11;
				GCC_NO_COMMON_BLOCKS = YES;
				GCC_WARN_64_TO_32_BIT_CONVERSION = YES;
				GCC_WARN_ABOUT_RETURN_TYPE = YES_ERROR;
				GCC_WARN_UNDECLARED_SELECTOR = YES;
				GCC_WARN_UNINITIALIZED_AUTOS = YES_AGGRESSIVE;
				GCC_WARN_UNUSED_FUNCTION = YES;
				GCC_WARN_UNUSED_VARIABLE = YES;
				IPHONEOS_DEPLOYMENT_TARGET = 13.0;
				MTL_ENABLE_DEBUG_INFO = NO;
				MTL_FAST_MATH = YES;
				SDKROOT = iphoneos;
				SWIFT_COMPILATION_MODE = wholemodule;
				SWIFT_OPTIMIZATION_LEVEL = "-O";
				VALIDATE_PRODUCT = YES;
			};
			name = Release;
		};
		AC58BCDF22BAA41700E0DAEC /* Debug */ = {
			isa = XCBuildConfiguration;
			buildSettings = {
				ASSETCATALOG_COMPILER_APPICON_NAME = AppIcon;
				CODE_SIGN_STYLE = Automatic;
				DEVELOPMENT_TEAM = SP8ZAT56L5;
				INFOPLIST_FILE = UICollectionViewStatic/Info.plist;
				LD_RUNPATH_SEARCH_PATHS = (
					"$(inherited)",
					"@executable_path/Frameworks",
				);
				PRODUCT_BUNDLE_IDENTIFIER = Art.UICollectionViewStatic;
				PRODUCT_NAME = "$(TARGET_NAME)";
				SWIFT_VERSION = 5.0;
				TARGETED_DEVICE_FAMILY = "1,2";
			};
			name = Debug;
		};
		AC58BCE022BAA41700E0DAEC /* Release */ = {
			isa = XCBuildConfiguration;
			buildSettings = {
				ASSETCATALOG_COMPILER_APPICON_NAME = AppIcon;
				CODE_SIGN_STYLE = Automatic;
				DEVELOPMENT_TEAM = SP8ZAT56L5;
				INFOPLIST_FILE = UICollectionViewStatic/Info.plist;
				LD_RUNPATH_SEARCH_PATHS = (
					"$(inherited)",
					"@executable_path/Frameworks",
				);
				PRODUCT_BUNDLE_IDENTIFIER = Art.UICollectionViewStatic;
				PRODUCT_NAME = "$(TARGET_NAME)";
				SWIFT_VERSION = 5.0;
				TARGETED_DEVICE_FAMILY = "1,2";
			};
			name = Release;
		};
/* End XCBuildConfiguration section */

/* Begin XCConfigurationList section */
		AC58BCC522BAA41400E0DAEC /* Build configuration list for PBXProject "UICollectionViewStatic" */ = {
			isa = XCConfigurationList;
			buildConfigurations = (
				AC58BCDC22BAA41700E0DAEC /* Debug */,
				AC58BCDD22BAA41700E0DAEC /* Release */,
			);
			defaultConfigurationIsVisible = 0;
			defaultConfigurationName = Release;
		};
		AC58BCDE22BAA41700E0DAEC /* Build configuration list for PBXNativeTarget "UICollectionViewStatic" */ = {
			isa = XCConfigurationList;
			buildConfigurations = (
				AC58BCDF22BAA41700E0DAEC /* Debug */,
				AC58BCE022BAA41700E0DAEC /* Release */,
			);
			defaultConfigurationIsVisible = 0;
			defaultConfigurationName = Release;
		};
/* End XCConfigurationList section */
	};
	rootObject = AC58BCC222BAA41400E0DAEC /* Project object */;
}
